{
  "name": "village-meal-generator",
  "version": "1.0.0",
  "lockfileVersion": 2,
  "requires": true,
  "packages": {
    "": {
      "name": "village-meal-generator",
      "version": "1.0.0",
      "license": "MIT",
      "dependencies": {
        "@sentry/browser": "^6.17.2",
        "@sentry/tracing": "^6.17.2"
      }
    },
    "node_modules/@sentry/browser": {
      "version": "6.17.2",
      "resolved": "https://registry.npmjs.org/@sentry/browser/-/browser-6.17.2.tgz",
      "integrity": "sha512-4Ow5z9GxK5dG9+stBNKb7s6NoxE4wgEcHRmO66QTK4gH2NNmzV4R/aaZ7iDoS/lD86sH0M86jm76dpg9uiJPmw==",
      "dependencies": {
        "@sentry/core": "6.17.2",
        "@sentry/types": "6.17.2",
        "@sentry/utils": "6.17.2",
        "tslib": "^1.9.3"
      },
      "engines": {
        "node": ">=6"
      }
    },
    "node_modules/@sentry/core": {
      "version": "6.17.2",
      "resolved": "https://registry.npmjs.org/@sentry/core/-/core-6.17.2.tgz",
      "integrity": "sha512-Uew0CNMr+QvowrF4EJYjOUgHep/sZJ3l5zevPEELugIgqWBodd+ZDCV3fQFR7cr6KOqx1rMgVrgcKIkLl0l+RA==",
      "dependencies": {
        "@sentry/hub": "6.17.2",
        "@sentry/minimal": "6.17.2",
        "@sentry/types": "6.17.2",
        "@sentry/utils": "6.17.2",
        "tslib": "^1.9.3"
      },
      "engines": {
        "node": ">=6"
      }
    },
    "node_modules/@sentry/hub": {
      "version": "6.17.2",
      "resolved": "https://registry.npmjs.org/@sentry/hub/-/hub-6.17.2.tgz",
      "integrity": "sha512-CMi6jU920bTwRTmGHjP4u8toOx4gm1dsx+rsxvp+FKzqRwpwoyi9mOw8oEYERVzaqaYceGdFylyRUrjdf0f77g==",
      "dependencies": {
        "@sentry/types": "6.17.2",
        "@sentry/utils": "6.17.2",
        "tslib": "^1.9.3"
      },
      "engines": {
        "node": ">=6"
      }
    },
    "node_modules/@sentry/minimal": {
      "version": "6.17.2",
      "resolved": "https://registry.npmjs.org/@sentry/minimal/-/minimal-6.17.2.tgz",
      "integrity": "sha512-Cdh+iM6QhLKfxwUWWP4mk2K7+EsQj4tuF2dGQke4Zcbp7zQ7wbcMruUcZHiZfvg5kiSYxwNVkH7cXMzcO7AJsg==",
      "dependencies": {
        "@sentry/hub": "6.17.2",
        "@sentry/types": "6.17.2",
        "tslib": "^1.9.3"
      },
      "engines": {
        "node": ">=6"
      }
    },
    "node_modules/@sentry/tracing": {
      "version": "6.17.2",
      "resolved": "https://registry.npmjs.org/@sentry/tracing/-/tracing-6.17.2.tgz",
      "integrity": "sha512-oWY2Ga+5D5f90utvfF2Y0eQvme+eS768ZWjR+klRYgZWoY8r1v8uWwWsvroYU1g+h6X0G/xh3giFjsdOWtRENw==",
      "dependencies": {
        "@sentry/hub": "6.17.2",
        "@sentry/minimal": "6.17.2",
        "@sentry/types": "6.17.2",
        "@sentry/utils": "6.17.2",
        "tslib": "^1.9.3"
      },
      "engines": {
        "node": ">=6"
      }
    },
    "node_modules/@sentry/types": {
      "version": "6.17.2",
      "resolved": "https://registry.npmjs.org/@sentry/types/-/types-6.17.2.tgz",
      "integrity": "sha512-UrFLRDz5mn253O8k/XftLxoldF+NyZdkqKLGIQmST5HEVr7ub9nQJ4Y5ZFA3zJYWpraaW8faIbuw+pgetC8hmQ==",
      "engines": {
        "node": ">=6"
      }
    },
    "node_modules/@sentry/utils": {
      "version": "6.17.2",
      "resolved": "https://registry.npmjs.org/@sentry/utils/-/utils-6.17.2.tgz",
      "integrity": "sha512-ePWtO44KJQwUULOiU86fa1WU3Ird2TH0i39gqB2d3zNS3QyVp9qPlzSdPKSPJ9LdgadzBHw7ikEuE+GY8JTrhA==",
      "dependencies": {
        "@sentry/types": "6.17.2",
        "tslib": "^1.9.3"
      },
      "engines": {
        "node": ">=6"
      }
    },
    "node_modules/tslib": {
      "version": "1.14.1",
      "resolved": "https://registry.npmjs.org/tslib/-/tslib-1.14.1.tgz",
      "integrity": "sha512-Xni35NKzjgMrwevysHTCArtLDpPvye8zV/0E4EyYn43P7/7qvQwPh9BGkHewbMulVntbigmcT7rdX3BNo9wRJg=="
    }
  },
  "dependencies": {
    "@sentry/browser": {
      "version": "6.17.2",
      "resolved": "https://registry.npmjs.org/@sentry/browser/-/browser-6.17.2.tgz",
      "integrity": "sha512-4Ow5z9GxK5dG9+stBNKb7s6NoxE4wgEcHRmO66QTK4gH2NNmzV4R/aaZ7iDoS/lD86sH0M86jm76dpg9uiJPmw==",
      "requires": {
        "@sentry/core": "6.17.2",
        "@sentry/types": "6.17.2",
        "@sentry/utils": "6.17.2",
        "tslib": "^1.9.3"
      }
    },
    "@sentry/core": {
      "version": "6.17.2",
      "resolved": "https://registry.npmjs.org/@sentry/core/-/core-6.17.2.tgz",
      "integrity": "sha512-Uew0CNMr+QvowrF4EJYjOUgHep/sZJ3l5zevPEELugIgqWBodd+ZDCV3fQFR7cr6KOqx1rMgVrgcKIkLl0l+RA==",
      "requires": {
        "@sentry/hub": "6.17.2",
        "@sentry/minimal": "6.17.2",
        "@sentry/types": "6.17.2",
        "@sentry/utils": "6.17.2",
        "tslib": "^1.9.3"
      }
    },
    "@sentry/hub": {
      "version": "6.17.2",
      "resolved": "https://registry.npmjs.org/@sentry/hub/-/hub-6.17.2.tgz",
      "integrity": "sha512-CMi6jU920bTwRTmGHjP4u8toOx4gm1dsx+rsxvp+FKzqRwpwoyi9mOw8oEYERVzaqaYceGdFylyRUrjdf0f77g==",
      "requires": {
        "@sentry/types": "6.17.2",
        "@sentry/utils": "6.17.2",
        "tslib": "^1.9.3"
      }
    },
    "@sentry/minimal": {
      "version": "6.17.2",
      "resolved": "https://registry.npmjs.org/@sentry/minimal/-/minimal-6.17.2.tgz",
      "integrity": "sha512-Cdh+iM6QhLKfxwUWWP4mk2K7+EsQj4tuF2dGQke4Zcbp7zQ7wbcMruUcZHiZfvg5kiSYxwNVkH7cXMzcO7AJsg==",
      "requires": {
        "@sentry/hub": "6.17.2",
        "@sentry/types": "6.17.2",
        "tslib": "^1.9.3"
      }
    },
    "@sentry/tracing": {
      "version": "6.17.2",
      "resolved": "https://registry.npmjs.org/@sentry/tracing/-/tracing-6.17.2.tgz",
      "integrity": "sha512-oWY2Ga+5D5f90utvfF2Y0eQvme+eS768ZWjR+klRYgZWoY8r1v8uWwWsvroYU1g+h6X0G/xh3giFjsdOWtRENw==",
      "requires": {
        "@sentry/hub": "6.17.2",
        "@sentry/minimal": "6.17.2",
        "@sentry/types": "6.17.2",
        "@sentry/utils": "6.17.2",
        "tslib": "^1.9.3"
      }
    },
    "@sentry/types": {
      "version": "6.17.2",
      "resolved": "https://registry.npmjs.org/@sentry/types/-/types-6.17.2.tgz",
      "integrity": "sha512-UrFLRDz5mn253O8k/XftLxoldF+NyZdkqKLGIQmST5HEVr7ub9nQJ4Y5ZFA3zJYWpraaW8faIbuw+pgetC8hmQ=="
    },
    "@sentry/utils": {
      "version": "6.17.2",
      "resolved": "https://registry.npmjs.org/@sentry/utils/-/utils-6.17.2.tgz",
      "integrity": "sha512-ePWtO44KJQwUULOiU86fa1WU3Ird2TH0i39gqB2d3zNS3QyVp9qPlzSdPKSPJ9LdgadzBHw7ikEuE+GY8JTrhA==",
      "requires": {
        "@sentry/types": "6.17.2",
        "tslib": "^1.9.3"
      }
    },
    "tslib": {
      "version": "1.14.1",
      "resolved": "https://registry.npmjs.org/tslib/-/tslib-1.14.1.tgz",
      "integrity": "sha512-Xni35NKzjgMrwevysHTCArtLDpPvye8zV/0E4EyYn43P7/7qvQwPh9BGkHewbMulVntbigmcT7rdX3BNo9wRJg=="
    }
  }
}
